
Microsoft Visual Studio Solution File, Format Version 12.00
# Visual Studio Version 17
VisualStudioVersion = 17.13.35919.96 d17.13
MinimumVisualStudioVersion = 10.0.40219.1
Project("{FAE04EC0-301F-11D3-BF4B-00C04F79EFBC}") = "Livin_paris-WinFormsApp", "Livin_paris-WinFormsApp\Livin_paris-WinFormsApp.csproj", "{1B0E948E-8308-4731-BB56-800BD1F0FB56}"
EndProject
Global
	GlobalSection(SolutionConfigurationPlatforms) = preSolution
		Debug|Any CPU = Debug|Any CPU
		Release|Any CPU = Release|Any CPU
	EndGlobalSection
	GlobalSection(ProjectConfigurationPlatforms) = postSolution
		{1B0E948E-8308-4731-BB56-800BD1F0FB56}.Debug|Any CPU.ActiveCfg = Debug|Any CPU
		{1B0E948E-8308-4731-BB56-800BD1F0FB56}.Debug|Any CPU.Build.0 = Debug|Any CPU
		{1B0E948E-8308-4731-BB56-800BD1F0FB56}.Release|Any CPU.ActiveCfg = Release|Any CPU
		{1B0E948E-8308-4731-BB56-800BD1F0FB56}.Release|Any CPU.Build.0 = Release|Any CPU
	EndGlobalSection
	GlobalSection(SolutionProperties) = preSolution
		HideSolutionNode = FALSE
	EndGlobalSection
	GlobalSection(ExtensibilityGlobals) = postSolution
		SolutionGuid = {D71AF642-3BC9-49CD-9208-E836EE3F3F84}
	EndGlobalSection
EndGlobal
